
Microsoft Visual Studio Solution File, Format Version 12.00
# Visual Studio Version 16
VisualStudioVersion = 16.0.31321.278
MinimumVisualStudioVersion = 10.0.40219.1
Project("{FAE04EC0-301F-11D3-BF4B-00C04F79EFBC}") = "AE_Splitter", "AE_Splitter\AE_Splitter.csproj", "{0DA812A2-74CB-4508-9D9C-89FCDCB6A76D}"
EndProject
Global
	GlobalSection(SolutionConfigurationPlatforms) = preSolution
		Debug|Any CPU = Debug|Any CPU
		Release|Any CPU = Release|Any CPU
	EndGlobalSection
	GlobalSection(ProjectConfigurationPlatforms) = postSolution
		{0DA812A2-74CB-4508-9D9C-89FCDCB6A76D}.Debug|Any CPU.ActiveCfg = Debug|Any CPU
		{0DA812A2-74CB-4508-9D9C-89FCDCB6A76D}.Debug|Any CPU.Build.0 = Debug|Any CPU
		{0DA812A2-74CB-4508-9D9C-89FCDCB6A76D}.Release|Any CPU.ActiveCfg = Release|Any CPU
		{0DA812A2-74CB-4508-9D9C-89FCDCB6A76D}.Release|Any CPU.Build.0 = Release|Any CPU
	EndGlobalSection
	GlobalSection(SolutionProperties) = preSolution
		HideSolutionNode = FALSE
	EndGlobalSection
	GlobalSection(ExtensibilityGlobals) = postSolution
		SolutionGuid = {DDDF95F1-6E2F-4EA2-A30A-4D5C25F4AECF}
	EndGlobalSection
EndGlobal
